// !$*UTF8*$!
{
	archiveVersion = 1;
	classes = {
	};
	objectVersion = 50;
	objects = {

/* Begin PBXBuildFile section */
		D92B3BD9274644F400A65732 /* main.swift in Sources */ = {isa = PBXBuildFile; fileRef = D92B3BD8274644F400A65732 /* main.swift */; };
		D9E78124272F8CFC005406DF /* main.swift in Sources */ = {isa = PBXBuildFile; fileRef = D9E78123272F8CFC005406DF /* main.swift */; };
		D9E78132272F8DC9005406DF /* main.swift in Sources */ = {isa = PBXBuildFile; fileRef = D9E78131272F8DC9005406DF /* main.swift */; };
		D9E7813F272F9227005406DF /* main.swift in Sources */ = {isa = PBXBuildFile; fileRef = D9E7813E272F9227005406DF /* main.swift */; };
/* End PBXBuildFile section */

/* Begin PBXCopyFilesBuildPhase section */
		D92B3BCB274644DC00A65732 /* CopyFiles */ = {
			isa = PBXCopyFilesBuildPhase;
			buildActionMask = 2147483647;
			dstPath = /usr/share/man/man1/;
			dstSubfolderSpec = 0;
			files = (
			);
			runOnlyForDeploymentPostprocessing = 1;
		};
		D9E7811E272F8CFC005406DF /* CopyFiles */ = {
			isa = PBXCopyFilesBuildPhase;
			buildActionMask = 2147483647;
			dstPath = /usr/share/man/man1/;
			dstSubfolderSpec = 0;
			files = (
			);
			runOnlyForDeploymentPostprocessing = 1;
		};
		D9E7812D272F8DC9005406DF /* CopyFiles */ = {
			isa = PBXCopyFilesBuildPhase;
			buildActionMask = 2147483647;
			dstPath = /usr/share/man/man1/;
			dstSubfolderSpec = 0;
			files = (
			);
			runOnlyForDeploymentPostprocessing = 1;
		};
		D9E7813A272F9227005406DF /* CopyFiles */ = {
			isa = PBXCopyFilesBuildPhase;
			buildActionMask = 2147483647;
			dstPath = /usr/share/man/man1/;
			dstSubfolderSpec = 0;
			files = (
			);
			runOnlyForDeploymentPostprocessing = 1;
		};
/* End PBXCopyFilesBuildPhase section */

/* Begin PBXFileReference section */
		D919775F272F931D00BDB174 /* LeetCode.playground */ = {isa = PBXFileReference; lastKnownFileType = file.playground; path = LeetCode.playground; sourceTree = SOURCE_ROOT; xcLanguageSpecificationIdentifier = xcode.lang.swift; };
		D92B3BCD274644DC00A65732 /* 树 */ = {isa = PBXFileReference; explicitFileType = "compiled.mach-o.executable"; includeInIndex = 0; path = "树"; sourceTree = BUILT_PRODUCTS_DIR; };
		D92B3BD8274644F400A65732 /* main.swift */ = {isa = PBXFileReference; fileEncoding = 4; lastKnownFileType = sourcecode.swift; path = main.swift; sourceTree = "<group>"; };
		D9E78120272F8CFC005406DF /* LeetCodeX */ = {isa = PBXFileReference; explicitFileType = "compiled.mach-o.executable"; includeInIndex = 0; path = LeetCodeX; sourceTree = BUILT_PRODUCTS_DIR; };
		D9E78123272F8CFC005406DF /* main.swift */ = {isa = PBXFileReference; lastKnownFileType = sourcecode.swift; path = main.swift; sourceTree = "<group>"; };
		D9E7812F272F8DC9005406DF /* 链表 */ = {isa = PBXFileReference; explicitFileType = "compiled.mach-o.executable"; includeInIndex = 0; path = "链表"; sourceTree = BUILT_PRODUCTS_DIR; };
		D9E78131272F8DC9005406DF /* main.swift */ = {isa = PBXFileReference; lastKnownFileType = sourcecode.swift; path = main.swift; sourceTree = "<group>"; };
		D9E7813C272F9227005406DF /* 练习题1 */ = {isa = PBXFileReference; explicitFileType = "compiled.mach-o.executable"; includeInIndex = 0; path = "练习题1"; sourceTree = BUILT_PRODUCTS_DIR; };
		D9E7813E272F9227005406DF /* main.swift */ = {isa = PBXFileReference; lastKnownFileType = sourcecode.swift; path = main.swift; sourceTree = "<group>"; };
/* End PBXFileReference section */

/* Begin PBXFrameworksBuildPhase section */
		D92B3BCA274644DC00A65732 /* Frameworks */ = {
			isa = PBXFrameworksBuildPhase;
			buildActionMask = 2147483647;
			files = (
			);
			runOnlyForDeploymentPostprocessing = 0;
		};
		D9E7811D272F8CFC005406DF /* Frameworks */ = {
			isa = PBXFrameworksBuildPhase;
			buildActionMask = 2147483647;
			files = (
			);
			runOnlyForDeploymentPostprocessing = 0;
		};
		D9E7812C272F8DC9005406DF /* Frameworks */ = {
			isa = PBXFrameworksBuildPhase;
			buildActionMask = 2147483647;
			files = (
			);
			runOnlyForDeploymentPostprocessing = 0;
		};
		D9E78139272F9227005406DF /* Frameworks */ = {
			isa = PBXFrameworksBuildPhase;
			buildActionMask = 2147483647;
			files = (
			);
			runOnlyForDeploymentPostprocessing = 0;
		};
/* End PBXFrameworksBuildPhase section */

/* Begin PBXGroup section */
		D92B3BCE274644DC00A65732 /* 树 */ = {
			isa = PBXGroup;
			children = (
				D92B3BD8274644F400A65732 /* main.swift */,
			);
			path = "树";
			sourceTree = "<group>";
		};
		D9E78117272F8CFC005406DF = {
			isa = PBXGroup;
			children = (
				D9E78122272F8CFC005406DF /* LeetCodeX */,
				D9E78130272F8DC9005406DF /* 链表 */,
				D92B3BCE274644DC00A65732 /* 树 */,
				D9E7813D272F9227005406DF /* 练习题1 */,
				D9E78121272F8CFC005406DF /* Products */,
			);
			sourceTree = "<group>";
		};
		D9E78121272F8CFC005406DF /* Products */ = {
			isa = PBXGroup;
			children = (
				D9E78120272F8CFC005406DF /* LeetCodeX */,
				D9E7812F272F8DC9005406DF /* 链表 */,
				D9E7813C272F9227005406DF /* 练习题1 */,
				D92B3BCD274644DC00A65732 /* 树 */,
			);
			name = Products;
			sourceTree = "<group>";
		};
		D9E78122272F8CFC005406DF /* LeetCodeX */ = {
			isa = PBXGroup;
			children = (
				D9E78123272F8CFC005406DF /* main.swift */,
			);
			path = LeetCodeX;
			sourceTree = "<group>";
		};
		D9E78130272F8DC9005406DF /* 链表 */ = {
			isa = PBXGroup;
			children = (
				D9E78131272F8DC9005406DF /* main.swift */,
			);
			path = "链表";
			sourceTree = "<group>";
		};
		D9E7813D272F9227005406DF /* 练习题1 */ = {
			isa = PBXGroup;
			children = (
				D9E7813E272F9227005406DF /* main.swift */,
				D919775F272F931D00BDB174 /* LeetCode.playground */,
			);
			path = "练习题1";
			sourceTree = "<group>";
		};
/* End PBXGroup section */

/* Begin PBXNativeTarget section */
		D92B3BCC274644DC00A65732 /* 树 */ = {
			isa = PBXNativeTarget;
			buildConfigurationList = D92B3BD1274644DC00A65732 /* Build configuration list for PBXNativeTarget "树" */;
			buildPhases = (
				D92B3BC9274644DC00A65732 /* Sources */,
				D92B3BCA274644DC00A65732 /* Frameworks */,
				D92B3BCB274644DC00A65732 /* CopyFiles */,
			);
			buildRules = (
			);
			dependencies = (
			);
			name = "树";
			productName = "树";
			productReference = D92B3BCD274644DC00A65732 /* 树 */;
			productType = "com.apple.product-type.tool";
		};
		D9E7811F272F8CFC005406DF /* LeetCodeX */ = {
			isa = PBXNativeTarget;
			buildConfigurationList = D9E78127272F8CFC005406DF /* Build configuration list for PBXNativeTarget "LeetCodeX" */;
			buildPhases = (
				D9E7811C272F8CFC005406DF /* Sources */,
				D9E7811D272F8CFC005406DF /* Frameworks */,
				D9E7811E272F8CFC005406DF /* CopyFiles */,
			);
			buildRules = (
			);
			dependencies = (
			);
			name = LeetCodeX;
			productName = LeetCodeX;
			productReference = D9E78120272F8CFC005406DF /* LeetCodeX */;
			productType = "com.apple.product-type.tool";
		};
		D9E7812E272F8DC9005406DF /* 链表 */ = {
			isa = PBXNativeTarget;
			buildConfigurationList = D9E78133272F8DC9005406DF /* Build configuration list for PBXNativeTarget "链表" */;
			buildPhases = (
				D9E7812B272F8DC9005406DF /* Sources */,
				D9E7812C272F8DC9005406DF /* Frameworks */,
				D9E7812D272F8DC9005406DF /* CopyFiles */,
			);
			buildRules = (
			);
			dependencies = (
			);
			name = "链表";
			productName = "链表";
			productReference = D9E7812F272F8DC9005406DF /* 链表 */;
			productType = "com.apple.product-type.tool";
		};
		D9E7813B272F9227005406DF /* 练习题1 */ = {
			isa = PBXNativeTarget;
			buildConfigurationList = D9E78140272F9227005406DF /* Build configuration list for PBXNativeTarget "练习题1" */;
			buildPhases = (
				D9E78138272F9227005406DF /* Sources */,
				D9E78139272F9227005406DF /* Frameworks */,
				D9E7813A272F9227005406DF /* CopyFiles */,
			);
			buildRules = (
			);
			dependencies = (
			);
			name = "练习题1";
			productName = "练习题1";
			productReference = D9E7813C272F9227005406DF /* 练习题1 */;
			productType = "com.apple.product-type.tool";
		};
/* End PBXNativeTarget section */

/* Begin PBXProject section */
		D9E78118272F8CFC005406DF /* Project object */ = {
			isa = PBXProject;
			attributes = {
				LastSwiftUpdateCheck = 1210;
				LastUpgradeCheck = 1210;
				TargetAttributes = {
					D92B3BCC274644DC00A65732 = {
						CreatedOnToolsVersion = 12.1;
					};
					D9E7811F272F8CFC005406DF = {
						CreatedOnToolsVersion = 12.1;
					};
					D9E7812E272F8DC9005406DF = {
						CreatedOnToolsVersion = 12.1;
					};
					D9E7813B272F9227005406DF = {
						CreatedOnToolsVersion = 12.1;
					};
				};
			};
			buildConfigurationList = D9E7811B272F8CFC005406DF /* Build configuration list for PBXProject "LeetCodeX" */;
			compatibilityVersion = "Xcode 9.3";
			developmentRegion = en;
			hasScannedForEncodings = 0;
			knownRegions = (
				en,
				Base,
			);
			mainGroup = D9E78117272F8CFC005406DF;
			productRefGroup = D9E78121272F8CFC005406DF /* Products */;
			projectDirPath = "";
			projectRoot = "";
			targets = (
				D9E7811F272F8CFC005406DF /* LeetCodeX */,
				D9E7812E272F8DC9005406DF /* 链表 */,
				D9E7813B272F9227005406DF /* 练习题1 */,
				D92B3BCC274644DC00A65732 /* 树 */,
			);
		};
/* End PBXProject section */

/* Begin PBXSourcesBuildPhase section */
		D92B3BC9274644DC00A65732 /* Sources */ = {
			isa = PBXSourcesBuildPhase;
			buildActionMask = 2147483647;
			files = (
				D92B3BD9274644F400A65732 /* main.swift in Sources */,
			);
			runOnlyForDeploymentPostprocessing = 0;
		};
		D9E7811C272F8CFC005406DF /* Sources */ = {
			isa = PBXSourcesBuildPhase;
			buildActionMask = 2147483647;
			files = (
				D9E78124272F8CFC005406DF /* main.swift in Sources */,
			);
			runOnlyForDeploymentPostprocessing = 0;
		};
		D9E7812B272F8DC9005406DF /* Sources */ = {
			isa = PBXSourcesBuildPhase;
			buildActionMask = 2147483647;
			files = (
				D9E78132272F8DC9005406DF /* main.swift in Sources */,
			);
			runOnlyForDeploymentPostprocessing = 0;
		};
		D9E78138272F9227005406DF /* Sources */ = {
			isa = PBXSourcesBuildPhase;
			buildActionMask = 2147483647;
			files = (
				D9E7813F272F9227005406DF /* main.swift in Sources */,
			);
			runOnlyForDeploymentPostprocessing = 0;
		};
/* End PBXSourcesBuildPhase section */

/* Begin XCBuildConfiguration section */
		D92B3BD2274644DC00A65732 /* Debug */ = {
			isa = XCBuildConfiguration;
			buildSettings = {
				CODE_SIGN_STYLE = Automatic;
				DEVELOPMENT_TEAM = 88TW74DSHB;
				ENABLE_HARDENED_RUNTIME = YES;
				PRODUCT_NAME = "$(TARGET_NAME)";
				SWIFT_VERSION = 5.0;
			};
			name = Debug;
		};
		D92B3BD3274644DC00A65732 /* Release */ = {
			isa = XCBuildConfiguration;
			buildSettings = {
				CODE_SIGN_STYLE = Automatic;
				DEVELOPMENT_TEAM = 88TW74DSHB;
				ENABLE_HARDENED_RUNTIME = YES;
				PRODUCT_NAME = "$(TARGET_NAME)";
				SWIFT_VERSION = 5.0;
			};
			name = Release;
		};
		D9E78125272F8CFC005406DF /* Debug */ = {
			isa = XCBuildConfiguration;
			buildSettings = {
				ALWAYS_SEARCH_USER_PATHS = NO;
				CLANG_ANALYZER_NONNULL = YES;
				CLANG_ANALYZER_NUMBER_OBJECT_CONVERSION = YES_AGGRESSIVE;
				CLANG_CXX_LANGUAGE_STANDARD = "gnu++14";
				CLANG_CXX_LIBRARY = "libc++";
				CLANG_ENABLE_MODULES = YES;
				CLANG_ENABLE_OBJC_ARC = YES;
				CLANG_ENABLE_OBJC_WEAK = YES;
				CLANG_WARN_BLOCK_CAPTURE_AUTORELEASING = YES;
				CLANG_WARN_BOOL_CONVERSION = YES;
				CLANG_WARN_COMMA = YES;
				CLANG_WARN_CONSTANT_CONVERSION = YES;
				CLANG_WARN_DEPRECATED_OBJC_IMPLEMENTATIONS = YES;
				CLANG_WARN_DIRECT_OBJC_ISA_USAGE = YES_ERROR;
				CLANG_WARN_DOCUMENTATION_COMMENTS = YES;
				CLANG_WARN_EMPTY_BODY = YES;
				CLANG_WARN_ENUM_CONVERSION = YES;
				CLANG_WARN_INFINITE_RECURSION = YES;
				CLANG_WARN_INT_CONVERSION = YES;
				CLANG_WARN_NON_LITERAL_NULL_CONVERSION = YES;
				CLANG_WARN_OBJC_IMPLICIT_RETAIN_SELF = YES;
				CLANG_WARN_OBJC_LITERAL_CONVERSION = YES;
				CLANG_WARN_OBJC_ROOT_CLASS = YES_ERROR;
				CLANG_WARN_QUOTED_INCLUDE_IN_FRAMEWORK_HEADER = YES;
				CLANG_WARN_RANGE_LOOP_ANALYSIS = YES;
				CLANG_WARN_STRICT_PROTOTYPES = YES;
				CLANG_WARN_SUSPICIOUS_MOVE = YES;
				CLANG_WARN_UNGUARDED_AVAILABILITY = YES_AGGRESSIVE;
				CLANG_WARN_UNREACHABLE_CODE = YES;
				CLANG_WARN__DUPLICATE_METHOD_MATCH = YES;
				COPY_PHASE_STRIP = NO;
				DEBUG_INFORMATION_FORMAT = dwarf;
				ENABLE_STRICT_OBJC_MSGSEND = YES;
				ENABLE_TESTABILITY = YES;
				GCC_C_LANGUAGE_STANDARD = gnu11;
				GCC_DYNAMIC_NO_PIC = NO;
				GCC_NO_COMMON_BLOCKS = YES;
				GCC_OPTIMIZATION_LEVEL = 0;
				GCC_PREPROCESSOR_DEFINITIONS = (
					"DEBUG=1",
					"$(inherited)",
				);
				GCC_WARN_64_TO_32_BIT_CONVERSION = YES;
				GCC_WARN_ABOUT_RETURN_TYPE = YES_ERROR;
				GCC_WARN_UNDECLARED_SELECTOR = YES;
				GCC_WARN_UNINITIALIZED_AUTOS = YES_AGGRESSIVE;
				GCC_WARN_UNUSED_FUNCTION = YES;
				GCC_WARN_UNUSED_VARIABLE = YES;
				MACOSX_DEPLOYMENT_TARGET = 10.15;
				MTL_ENABLE_DEBUG_INFO = INCLUDE_SOURCE;
				MTL_FAST_MATH = YES;
				ONLY_ACTIVE_ARCH = YES;
				SDKROOT = macosx;
				SWIFT_ACTIVE_COMPILATION_CONDITIONS = DEBUG;
				SWIFT_OPTIMIZATION_LEVEL = "-Onone";
			};
			name = Debug;
		};
		D9E78126272F8CFC005406DF /* Release */ = {
			isa = XCBuildConfiguration;
			buildSettings = {
				ALWAYS_SEARCH_USER_PATHS = NO;
				CLANG_ANALYZER_NONNULL = YES;
				CLANG_ANALYZER_NUMBER_OBJECT_CONVERSION = YES_AGGRESSIVE;
				CLANG_CXX_LANGUAGE_STANDARD = "gnu++14";
				CLANG_CXX_LIBRARY = "libc++";
				CLANG_ENABLE_MODULES = YES;
				CLANG_ENABLE_OBJC_ARC = YES;
				CLANG_ENABLE_OBJC_WEAK = YES;
				CLANG_WARN_BLOCK_CAPTURE_AUTORELEASING = YES;
				CLANG_WARN_BOOL_CONVERSION = YES;
				CLANG_WARN_COMMA = YES;
				CLANG_WARN_CONSTANT_CONVERSION = YES;
				CLANG_WARN_DEPRECATED_OBJC_IMPLEMENTATIONS = YES;
				CLANG_WARN_DIRECT_OBJC_ISA_USAGE = YES_ERROR;
				CLANG_WARN_DOCUMENTATION_COMMENTS = YES;
				CLANG_WARN_EMPTY_BODY = YES;
				CLANG_WARN_ENUM_CONVERSION = YES;
				CLANG_WARN_INFINITE_RECURSION = YES;
				CLANG_WARN_INT_CONVERSION = YES;
				CLANG_WARN_NON_LITERAL_NULL_CONVERSION = YES;
				CLANG_WARN_OBJC_IMPLICIT_RETAIN_SELF = YES;
				CLANG_WARN_OBJC_LITERAL_CONVERSION = YES;
				CLANG_WARN_OBJC_ROOT_CLASS = YES_ERROR;
				CLANG_WARN_QUOTED_INCLUDE_IN_FRAMEWORK_HEADER = YES;
				CLANG_WARN_RANGE_LOOP_ANALYSIS = YES;
				CLANG_WARN_STRICT_PROTOTYPES = YES;
				CLANG_WARN_SUSPICIOUS_MOVE = YES;
				CLANG_WARN_UNGUARDED_AVAILABILITY = YES_AGGRESSIVE;
				CLANG_WARN_UNREACHABLE_CODE = YES;
				CLANG_WARN__DUPLICATE_METHOD_MATCH = YES;
				COPY_PHASE_STRIP = NO;
				DEBUG_INFORMATION_FORMAT = "dwarf-with-dsym";
				ENABLE_NS_ASSERTIONS = NO;
				ENABLE_STRICT_OBJC_MSGSEND = YES;
				GCC_C_LANGUAGE_STANDARD = gnu11;
				GCC_NO_COMMON_BLOCKS = YES;
				GCC_WARN_64_TO_32_BIT_CONVERSION = YES;
				GCC_WARN_ABOUT_RETURN_TYPE = YES_ERROR;
				GCC_WARN_UNDECLARED_SELECTOR = YES;
				GCC_WARN_UNINITIALIZED_AUTOS = YES_AGGRESSIVE;
				GCC_WARN_UNUSED_FUNCTION = YES;
				GCC_WARN_UNUSED_VARIABLE = YES;
				MACOSX_DEPLOYMENT_TARGET = 10.15;
				MTL_ENABLE_DEBUG_INFO = NO;
				MTL_FAST_MATH = YES;
				SDKROOT = macosx;
				SWIFT_COMPILATION_MODE = wholemodule;
				SWIFT_OPTIMIZATION_LEVEL = "-O";
			};
			name = Release;
		};
		D9E78128272F8CFC005406DF /* Debug */ = {
			isa = XCBuildConfiguration;
			buildSettings = {
				CODE_SIGN_STYLE = Automatic;
				DEVELOPMENT_TEAM = 88TW74DSHB;
				ENABLE_HARDENED_RUNTIME = YES;
				PRODUCT_NAME = "$(TARGET_NAME)";
				SWIFT_VERSION = 5.0;
			};
			name = Debug;
		};
		D9E78129272F8CFC005406DF /* Release */ = {
			isa = XCBuildConfiguration;
			buildSettings = {
				CODE_SIGN_STYLE = Automatic;
				DEVELOPMENT_TEAM = 88TW74DSHB;
				ENABLE_HARDENED_RUNTIME = YES;
				PRODUCT_NAME = "$(TARGET_NAME)";
				SWIFT_VERSION = 5.0;
			};
			name = Release;
		};
		D9E78134272F8DC9005406DF /* Debug */ = {
			isa = XCBuildConfiguration;
			buildSettings = {
				CODE_SIGN_STYLE = Automatic;
				DEVELOPMENT_TEAM = 88TW74DSHB;
				ENABLE_HARDENED_RUNTIME = YES;
				PRODUCT_NAME = "$(TARGET_NAME)";
				SWIFT_VERSION = 5.0;
			};
			name = Debug;
		};
		D9E78135272F8DC9005406DF /* Release */ = {
			isa = XCBuildConfiguration;
			buildSettings = {
				CODE_SIGN_STYLE = Automatic;
				DEVELOPMENT_TEAM = 88TW74DSHB;
				ENABLE_HARDENED_RUNTIME = YES;
				PRODUCT_NAME = "$(TARGET_NAME)";
				SWIFT_VERSION = 5.0;
			};
			name = Release;
		};
		D9E78141272F9227005406DF /* Debug */ = {
			isa = XCBuildConfiguration;
			buildSettings = {
				CODE_SIGN_STYLE = Automatic;
				DEVELOPMENT_TEAM = 88TW74DSHB;
				ENABLE_HARDENED_RUNTIME = YES;
				PRODUCT_NAME = "$(TARGET_NAME)";
				SWIFT_VERSION = 5.0;
			};
			name = Debug;
		};
		D9E78142272F9227005406DF /* Release */ = {
			isa = XCBuildConfiguration;
			buildSettings = {
				CODE_SIGN_STYLE = Automatic;
				DEVELOPMENT_TEAM = 88TW74DSHB;
				ENABLE_HARDENED_RUNTIME = YES;
				PRODUCT_NAME = "$(TARGET_NAME)";
				SWIFT_VERSION = 5.0;
			};
			name = Release;
		};
/* End XCBuildConfiguration section */

/* Begin XCConfigurationList section */
		D92B3BD1274644DC00A65732 /* Build configuration list for PBXNativeTarget "树" */ = {
			isa = XCConfigurationList;
			buildConfigurations = (
				D92B3BD2274644DC00A65732 /* Debug */,
				D92B3BD3274644DC00A65732 /* Release */,
			);
			defaultConfigurationIsVisible = 0;
			defaultConfigurationName = Release;
		};
		D9E7811B272F8CFC005406DF /* Build configuration list for PBXProject "LeetCodeX" */ = {
			isa = XCConfigurationList;
			buildConfigurations = (
				D9E78125272F8CFC005406DF /* Debug */,
				D9E78126272F8CFC005406DF /* Release */,
			);
			defaultConfigurationIsVisible = 0;
			defaultConfigurationName = Release;
		};
		D9E78127272F8CFC005406DF /* Build configuration list for PBXNativeTarget "LeetCodeX" */ = {
			isa = XCConfigurationList;
			buildConfigurations = (
				D9E78128272F8CFC005406DF /* Debug */,
				D9E78129272F8CFC005406DF /* Release */,
			);
			defaultConfigurationIsVisible = 0;
			defaultConfigurationName = Release;
		};
		D9E78133272F8DC9005406DF /* Build configuration list for PBXNativeTarget "链表" */ = {
			isa = XCConfigurationList;
			buildConfigurations = (
				D9E78134272F8DC9005406DF /* Debug */,
				D9E78135272F8DC9005406DF /* Release */,
			);
			defaultConfigurationIsVisible = 0;
			defaultConfigurationName = Release;
		};
		D9E78140272F9227005406DF /* Build configuration list for PBXNativeTarget "练习题1" */ = {
			isa = XCConfigurationList;
			buildConfigurations = (
				D9E78141272F9227005406DF /* Debug */,
				D9E78142272F9227005406DF /* Release */,
			);
			defaultConfigurationIsVisible = 0;
			defaultConfigurationName = Release;
		};
/* End XCConfigurationList section */
	};
	rootObject = D9E78118272F8CFC005406DF /* Project object */;
}
